{
  "requires": true,
  "lockfileVersion": 1,
  "dependencies": {
    "gitbook-plugin-language-selected": {
      "version": "0.0.3",
      "resolved": "https://registry.npmjs.org/gitbook-plugin-language-selected/-/gitbook-plugin-language-selected-0.0.3.tgz",
      "integrity": "sha1-1js0KM5q19k7adsDZetBcjOYZQ0="
    }
  }
}
